
Microsoft Visual Studio Solution File, Format Version 12.00
# Visual Studio 2013
VisualStudioVersion = 12.0.31101.0
MinimumVisualStudioVersion = 10.0.40219.1
Project("{FAE04EC0-301F-11D3-BF4B-00C04F79EFBC}") = "Client", "Client\Client\Client.csproj", "{AC52783F-25F4-43EB-A76D-02A6ABBD5320}"
EndProject
Project("{FAE04EC0-301F-11D3-BF4B-00C04F79EFBC}") = "ProcessController", "Client\ProcessController\ProcessController.csproj", "{763A768E-05A3-4E24-8EEE-63292BF356A2}"
EndProject
Project("{FAE04EC0-301F-11D3-BF4B-00C04F79EFBC}") = "Server", "Server\Server.csproj", "{2606F6E6-89FC-4959-A67B-03E2596EFA82}"
EndProject
Project("{FAE04EC0-301F-11D3-BF4B-00C04F79EFBC}") = "Models", "Shared\Models\Models.csproj", "{E868683C-14A8-46F0-BC00-0C6C03832AB6}"
EndProject
Project("{2150E333-8FDC-42A3-9474-1A3956D46DE8}") = ".nuget", ".nuget", "{0A6B5079-AB40-449E-8977-CD349C31534A}"
	ProjectSection(SolutionItems) = preProject
		.nuget\NuGet.Config = .nuget\NuGet.Config
		.nuget\NuGet.exe = .nuget\NuGet.exe
		.nuget\NuGet.targets = .nuget\NuGet.targets
	EndProjectSection
EndProject
Project("{FAE04EC0-301F-11D3-BF4B-00C04F79EFBC}") = "Library", "Shared\Library\Library.csproj", "{5CEB4F65-2030-4A8E-9503-213B6DED119C}"
EndProject
Project("{2150E333-8FDC-42A3-9474-1A3956D46DE8}") = "Solution Items", "Solution Items", "{673F6F76-9FA0-4550-8EF1-B86E3289D92E}"
	ProjectSection(SolutionItems) = preProject
		Screenshots\01_04_EnableNuGetPackageRestore.PNG = Screenshots\01_04_EnableNuGetPackageRestore.PNG
		Screenshots\02_04_ConfigureNuGetRestorePackages.PNG = Screenshots\02_04_ConfigureNuGetRestorePackages.PNG
		Screenshots\03_04_ConfiguringNuGetPackages.PNG = Screenshots\03_04_ConfiguringNuGetPackages.PNG
		Screenshots\04_04_NuGetPackageFinished.PNG = Screenshots\04_04_NuGetPackageFinished.PNG
		LICENSE = LICENSE
		README.MD = README.MD
	EndProjectSection
EndProject
Project("{FAE04EC0-301F-11D3-BF4B-00C04F79EFBC}") = "PluginManager", "Shared\PluginManager\PluginManager.csproj", "{A97326EA-4531-44A8-9E69-86713BAADD5E}"
EndProject
Project("{FAE04EC0-301F-11D3-BF4B-00C04F79EFBC}") = "PluginDemo", "Shared\PluginDemo\PluginDemo.csproj", "{23147842-FDF0-4511-BE5A-C4718A4E70E3}"
EndProject
Project("{FAE04EC0-301F-11D3-BF4B-00C04F79EFBC}") = "PluginKeyListener", "Shared\PluginKeyListener\PluginKeyListener.csproj", "{837CB7CD-B8E2-4E70-AB2A-293708FBFDF4}"
EndProject
Project("{8BC9CEB8-8B4A-11D0-8D11-00A0C91BC942}") = "CPPClient", "Client\CPPClient\CPPClient.vcxproj", "{C65A5188-6BD9-4F0E-8948-46C2DBC3600F}"
EndProject
Project("{FAE04EC0-301F-11D3-BF4B-00C04F79EFBC}") = "ServerV2", "ServerV2\ServerV2.csproj", "{5792CBF2-A899-41DA-882C-5CD50602CB98}"
EndProject
Global
	GlobalSection(SolutionConfigurationPlatforms) = preSolution
		Debug|Any CPU = Debug|Any CPU
		Debug|Mixed Platforms = Debug|Mixed Platforms
		Debug|Win32 = Debug|Win32
		Debug|x64 = Debug|x64
		Debug|x86 = Debug|x86
		Release|Any CPU = Release|Any CPU
		Release|Mixed Platforms = Release|Mixed Platforms
		Release|Win32 = Release|Win32
		Release|x64 = Release|x64
		Release|x86 = Release|x86
	EndGlobalSection
	GlobalSection(ProjectConfigurationPlatforms) = postSolution
		{AC52783F-25F4-43EB-A76D-02A6ABBD5320}.Debug|Any CPU.ActiveCfg = Debug|Any CPU
		{AC52783F-25F4-43EB-A76D-02A6ABBD5320}.Debug|Any CPU.Build.0 = Debug|Any CPU
		{AC52783F-25F4-43EB-A76D-02A6ABBD5320}.Debug|Mixed Platforms.ActiveCfg = Debug|x86
		{AC52783F-25F4-43EB-A76D-02A6ABBD5320}.Debug|Mixed Platforms.Build.0 = Debug|x86
		{AC52783F-25F4-43EB-A76D-02A6ABBD5320}.Debug|Win32.ActiveCfg = Debug|x86
		{AC52783F-25F4-43EB-A76D-02A6ABBD5320}.Debug|Win32.Build.0 = Debug|x86
		{AC52783F-25F4-43EB-A76D-02A6ABBD5320}.Debug|x64.ActiveCfg = Debug|Any CPU
		{AC52783F-25F4-43EB-A76D-02A6ABBD5320}.Debug|x64.Build.0 = Debug|Any CPU
		{AC52783F-25F4-43EB-A76D-02A6ABBD5320}.Debug|x86.ActiveCfg = Debug|x86
		{AC52783F-25F4-43EB-A76D-02A6ABBD5320}.Debug|x86.Build.0 = Debug|x86
		{AC52783F-25F4-43EB-A76D-02A6ABBD5320}.Release|Any CPU.ActiveCfg = Release|Any CPU
		{AC52783F-25F4-43EB-A76D-02A6ABBD5320}.Release|Any CPU.Build.0 = Release|Any CPU
		{AC52783F-25F4-43EB-A76D-02A6ABBD5320}.Release|Mixed Platforms.ActiveCfg = Release|x86
		{AC52783F-25F4-43EB-A76D-02A6ABBD5320}.Release|Mixed Platforms.Build.0 = Release|x86
		{AC52783F-25F4-43EB-A76D-02A6ABBD5320}.Release|Win32.ActiveCfg = Release|x86
		{AC52783F-25F4-43EB-A76D-02A6ABBD5320}.Release|Win32.Build.0 = Release|x86
		{AC52783F-25F4-43EB-A76D-02A6ABBD5320}.Release|x64.ActiveCfg = Release|x64
		{AC52783F-25F4-43EB-A76D-02A6ABBD5320}.Release|x64.Build.0 = Release|x64
		{AC52783F-25F4-43EB-A76D-02A6ABBD5320}.Release|x86.ActiveCfg = Release|x86
		{AC52783F-25F4-43EB-A76D-02A6ABBD5320}.Release|x86.Build.0 = Release|x86
		{763A768E-05A3-4E24-8EEE-63292BF356A2}.Debug|Any CPU.ActiveCfg = Debug|Any CPU
		{763A768E-05A3-4E24-8EEE-63292BF356A2}.Debug|Any CPU.Build.0 = Debug|Any CPU
		{763A768E-05A3-4E24-8EEE-63292BF356A2}.Debug|Mixed Platforms.ActiveCfg = Debug|x86
		{763A768E-05A3-4E24-8EEE-63292BF356A2}.Debug|Mixed Platforms.Build.0 = Debug|x86
		{763A768E-05A3-4E24-8EEE-63292BF356A2}.Debug|Win32.ActiveCfg = Debug|x86
		{763A768E-05A3-4E24-8EEE-63292BF356A2}.Debug|Win32.Build.0 = Debug|x86
		{763A768E-05A3-4E24-8EEE-63292BF356A2}.Debug|x64.ActiveCfg = Debug|x64
		{763A768E-05A3-4E24-8EEE-63292BF356A2}.Debug|x64.Build.0 = Debug|x64
		{763A768E-05A3-4E24-8EEE-63292BF356A2}.Debug|x86.ActiveCfg = Debug|x86
		{763A768E-05A3-4E24-8EEE-63292BF356A2}.Debug|x86.Build.0 = Debug|x86
		{763A768E-05A3-4E24-8EEE-63292BF356A2}.Release|Any CPU.ActiveCfg = Release|Any CPU
		{763A768E-05A3-4E24-8EEE-63292BF356A2}.Release|Any CPU.Build.0 = Release|Any CPU
		{763A768E-05A3-4E24-8EEE-63292BF356A2}.Release|Mixed Platforms.ActiveCfg = Release|x86
		{763A768E-05A3-4E24-8EEE-63292BF356A2}.Release|Mixed Platforms.Build.0 = Release|x86
		{763A768E-05A3-4E24-8EEE-63292BF356A2}.Release|Win32.ActiveCfg = Release|x86
		{763A768E-05A3-4E24-8EEE-63292BF356A2}.Release|Win32.Build.0 = Release|x86
		{763A768E-05A3-4E24-8EEE-63292BF356A2}.Release|x64.ActiveCfg = Release|x64
		{763A768E-05A3-4E24-8EEE-63292BF356A2}.Release|x64.Build.0 = Release|x64
		{763A768E-05A3-4E24-8EEE-63292BF356A2}.Release|x86.ActiveCfg = Release|x86
		{763A768E-05A3-4E24-8EEE-63292BF356A2}.Release|x86.Build.0 = Release|x86
		{2606F6E6-89FC-4959-A67B-03E2596EFA82}.Debug|Any CPU.ActiveCfg = Debug|Any CPU
		{2606F6E6-89FC-4959-A67B-03E2596EFA82}.Debug|Any CPU.Build.0 = Debug|Any CPU
		{2606F6E6-89FC-4959-A67B-03E2596EFA82}.Debug|Mixed Platforms.ActiveCfg = Debug|Any CPU
		{2606F6E6-89FC-4959-A67B-03E2596EFA82}.Debug|Mixed Platforms.Build.0 = Debug|Any CPU
		{2606F6E6-89FC-4959-A67B-03E2596EFA82}.Debug|Win32.ActiveCfg = Debug|Any CPU
		{2606F6E6-89FC-4959-A67B-03E2596EFA82}.Debug|x64.ActiveCfg = Debug|x64
		{2606F6E6-89FC-4959-A67B-03E2596EFA82}.Debug|x64.Build.0 = Debug|x64
		{2606F6E6-89FC-4959-A67B-03E2596EFA82}.Debug|x86.ActiveCfg = Debug|Any CPU
		{2606F6E6-89FC-4959-A67B-03E2596EFA82}.Release|Any CPU.ActiveCfg = Release|Any CPU
		{2606F6E6-89FC-4959-A67B-03E2596EFA82}.Release|Any CPU.Build.0 = Release|Any CPU
		{2606F6E6-89FC-4959-A67B-03E2596EFA82}.Release|Mixed Platforms.ActiveCfg = Release|Any CPU
		{2606F6E6-89FC-4959-A67B-03E2596EFA82}.Release|Mixed Platforms.Build.0 = Release|Any CPU
		{2606F6E6-89FC-4959-A67B-03E2596EFA82}.Release|Win32.ActiveCfg = Release|Any CPU
		{2606F6E6-89FC-4959-A67B-03E2596EFA82}.Release|x64.ActiveCfg = Release|Any CPU
		{2606F6E6-89FC-4959-A67B-03E2596EFA82}.Release|x86.ActiveCfg = Release|Any CPU
		{E868683C-14A8-46F0-BC00-0C6C03832AB6}.Debug|Any CPU.ActiveCfg = Debug|Any CPU
		{E868683C-14A8-46F0-BC00-0C6C03832AB6}.Debug|Any CPU.Build.0 = Debug|Any CPU
		{E868683C-14A8-46F0-BC00-0C6C03832AB6}.Debug|Mixed Platforms.ActiveCfg = Debug|x86
		{E868683C-14A8-46F0-BC00-0C6C03832AB6}.Debug|Mixed Platforms.Build.0 = Debug|x86
		{E868683C-14A8-46F0-BC00-0C6C03832AB6}.Debug|Win32.ActiveCfg = Debug|x86
		{E868683C-14A8-46F0-BC00-0C6C03832AB6}.Debug|Win32.Build.0 = Debug|x86
		{E868683C-14A8-46F0-BC00-0C6C03832AB6}.Debug|x64.ActiveCfg = Debug|x64
		{E868683C-14A8-46F0-BC00-0C6C03832AB6}.Debug|x64.Build.0 = Debug|x64
		{E868683C-14A8-46F0-BC00-0C6C03832AB6}.Debug|x86.ActiveCfg = Debug|x86
		{E868683C-14A8-46F0-BC00-0C6C03832AB6}.Debug|x86.Build.0 = Debug|x86
		{E868683C-14A8-46F0-BC00-0C6C03832AB6}.Release|Any CPU.ActiveCfg = Release|Any CPU
		{E868683C-14A8-46F0-BC00-0C6C03832AB6}.Release|Any CPU.Build.0 = Release|Any CPU
		{E868683C-14A8-46F0-BC00-0C6C03832AB6}.Release|Mixed Platforms.ActiveCfg = Release|x86
		{E868683C-14A8-46F0-BC00-0C6C03832AB6}.Release|Mixed Platforms.Build.0 = Release|x86
		{E868683C-14A8-46F0-BC00-0C6C03832AB6}.Release|Win32.ActiveCfg = Release|x86
		{E868683C-14A8-46F0-BC00-0C6C03832AB6}.Release|Win32.Build.0 = Release|x86
		{E868683C-14A8-46F0-BC00-0C6C03832AB6}.Release|x64.ActiveCfg = Release|x64
		{E868683C-14A8-46F0-BC00-0C6C03832AB6}.Release|x64.Build.0 = Release|x64
		{E868683C-14A8-46F0-BC00-0C6C03832AB6}.Release|x86.ActiveCfg = Release|x86
		{E868683C-14A8-46F0-BC00-0C6C03832AB6}.Release|x86.Build.0 = Release|x86
		{5CEB4F65-2030-4A8E-9503-213B6DED119C}.Debug|Any CPU.ActiveCfg = Debug|Any CPU
		{5CEB4F65-2030-4A8E-9503-213B6DED119C}.Debug|Any CPU.Build.0 = Debug|Any CPU
		{5CEB4F65-2030-4A8E-9503-213B6DED119C}.Debug|Mixed Platforms.ActiveCfg = Debug|Any CPU
		{5CEB4F65-2030-4A8E-9503-213B6DED119C}.Debug|Mixed Platforms.Build.0 = Debug|Any CPU
		{5CEB4F65-2030-4A8E-9503-213B6DED119C}.Debug|Win32.ActiveCfg = Debug|Any CPU
		{5CEB4F65-2030-4A8E-9503-213B6DED119C}.Debug|x64.ActiveCfg = Debug|x64
		{5CEB4F65-2030-4A8E-9503-213B6DED119C}.Debug|x64.Build.0 = Debug|x64
		{5CEB4F65-2030-4A8E-9503-213B6DED119C}.Debug|x86.ActiveCfg = Debug|Any CPU
		{5CEB4F65-2030-4A8E-9503-213B6DED119C}.Release|Any CPU.ActiveCfg = Release|Any CPU
		{5CEB4F65-2030-4A8E-9503-213B6DED119C}.Release|Any CPU.Build.0 = Release|Any CPU
		{5CEB4F65-2030-4A8E-9503-213B6DED119C}.Release|Mixed Platforms.ActiveCfg = Release|Any CPU
		{5CEB4F65-2030-4A8E-9503-213B6DED119C}.Release|Mixed Platforms.Build.0 = Release|Any CPU
		{5CEB4F65-2030-4A8E-9503-213B6DED119C}.Release|Win32.ActiveCfg = Release|Any CPU
		{5CEB4F65-2030-4A8E-9503-213B6DED119C}.Release|x64.ActiveCfg = Release|Any CPU
		{5CEB4F65-2030-4A8E-9503-213B6DED119C}.Release|x86.ActiveCfg = Release|Any CPU
		{A97326EA-4531-44A8-9E69-86713BAADD5E}.Debug|Any CPU.ActiveCfg = Debug|Any CPU
		{A97326EA-4531-44A8-9E69-86713BAADD5E}.Debug|Any CPU.Build.0 = Debug|Any CPU
		{A97326EA-4531-44A8-9E69-86713BAADD5E}.Debug|Mixed Platforms.ActiveCfg = Debug|x86
		{A97326EA-4531-44A8-9E69-86713BAADD5E}.Debug|Mixed Platforms.Build.0 = Debug|x86
		{A97326EA-4531-44A8-9E69-86713BAADD5E}.Debug|Win32.ActiveCfg = Debug|x86
		{A97326EA-4531-44A8-9E69-86713BAADD5E}.Debug|Win32.Build.0 = Debug|x86
		{A97326EA-4531-44A8-9E69-86713BAADD5E}.Debug|x64.ActiveCfg = Debug|x64
		{A97326EA-4531-44A8-9E69-86713BAADD5E}.Debug|x64.Build.0 = Debug|x64
		{A97326EA-4531-44A8-9E69-86713BAADD5E}.Debug|x86.ActiveCfg = Debug|x86
		{A97326EA-4531-44A8-9E69-86713BAADD5E}.Debug|x86.Build.0 = Debug|x86
		{A97326EA-4531-44A8-9E69-86713BAADD5E}.Release|Any CPU.ActiveCfg = Release|Any CPU
		{A97326EA-4531-44A8-9E69-86713BAADD5E}.Release|Any CPU.Build.0 = Release|Any CPU
		{A97326EA-4531-44A8-9E69-86713BAADD5E}.Release|Mixed Platforms.ActiveCfg = Release|x86
		{A97326EA-4531-44A8-9E69-86713BAADD5E}.Release|Mixed Platforms.Build.0 = Release|x86
		{A97326EA-4531-44A8-9E69-86713BAADD5E}.Release|Win32.ActiveCfg = Release|x86
		{A97326EA-4531-44A8-9E69-86713BAADD5E}.Release|Win32.Build.0 = Release|x86
		{A97326EA-4531-44A8-9E69-86713BAADD5E}.Release|x64.ActiveCfg = Release|x64
		{A97326EA-4531-44A8-9E69-86713BAADD5E}.Release|x64.Build.0 = Release|x64
		{A97326EA-4531-44A8-9E69-86713BAADD5E}.Release|x86.ActiveCfg = Release|x86
		{A97326EA-4531-44A8-9E69-86713BAADD5E}.Release|x86.Build.0 = Release|x86
		{23147842-FDF0-4511-BE5A-C4718A4E70E3}.Debug|Any CPU.ActiveCfg = Debug|Any CPU
		{23147842-FDF0-4511-BE5A-C4718A4E70E3}.Debug|Any CPU.Build.0 = Debug|Any CPU
		{23147842-FDF0-4511-BE5A-C4718A4E70E3}.Debug|Mixed Platforms.ActiveCfg = Debug|x86
		{23147842-FDF0-4511-BE5A-C4718A4E70E3}.Debug|Mixed Platforms.Build.0 = Debug|x86
		{23147842-FDF0-4511-BE5A-C4718A4E70E3}.Debug|Win32.ActiveCfg = Debug|x86
		{23147842-FDF0-4511-BE5A-C4718A4E70E3}.Debug|Win32.Build.0 = Debug|x86
		{23147842-FDF0-4511-BE5A-C4718A4E70E3}.Debug|x64.ActiveCfg = Debug|x64
		{23147842-FDF0-4511-BE5A-C4718A4E70E3}.Debug|x64.Build.0 = Debug|x64
		{23147842-FDF0-4511-BE5A-C4718A4E70E3}.Debug|x86.ActiveCfg = Debug|x86
		{23147842-FDF0-4511-BE5A-C4718A4E70E3}.Debug|x86.Build.0 = Debug|x86
		{23147842-FDF0-4511-BE5A-C4718A4E70E3}.Release|Any CPU.ActiveCfg = Release|Any CPU
		{23147842-FDF0-4511-BE5A-C4718A4E70E3}.Release|Any CPU.Build.0 = Release|Any CPU
		{23147842-FDF0-4511-BE5A-C4718A4E70E3}.Release|Mixed Platforms.ActiveCfg = Release|x86
		{23147842-FDF0-4511-BE5A-C4718A4E70E3}.Release|Mixed Platforms.Build.0 = Release|x86
		{23147842-FDF0-4511-BE5A-C4718A4E70E3}.Release|Win32.ActiveCfg = Release|x86
		{23147842-FDF0-4511-BE5A-C4718A4E70E3}.Release|Win32.Build.0 = Release|x86
		{23147842-FDF0-4511-BE5A-C4718A4E70E3}.Release|x64.ActiveCfg = Release|Any CPU
		{23147842-FDF0-4511-BE5A-C4718A4E70E3}.Release|x86.ActiveCfg = Release|x86
		{23147842-FDF0-4511-BE5A-C4718A4E70E3}.Release|x86.Build.0 = Release|x86
		{837CB7CD-B8E2-4E70-AB2A-293708FBFDF4}.Debug|Any CPU.ActiveCfg = Debug|Any CPU
		{837CB7CD-B8E2-4E70-AB2A-293708FBFDF4}.Debug|Any CPU.Build.0 = Debug|Any CPU
		{837CB7CD-B8E2-4E70-AB2A-293708FBFDF4}.Debug|Mixed Platforms.ActiveCfg = Debug|x86
		{837CB7CD-B8E2-4E70-AB2A-293708FBFDF4}.Debug|Mixed Platforms.Build.0 = Debug|x86
		{837CB7CD-B8E2-4E70-AB2A-293708FBFDF4}.Debug|Win32.ActiveCfg = Debug|x86
		{837CB7CD-B8E2-4E70-AB2A-293708FBFDF4}.Debug|Win32.Build.0 = Debug|x86
		{837CB7CD-B8E2-4E70-AB2A-293708FBFDF4}.Debug|x64.ActiveCfg = Debug|x64
		{837CB7CD-B8E2-4E70-AB2A-293708FBFDF4}.Debug|x64.Build.0 = Debug|x64
		{837CB7CD-B8E2-4E70-AB2A-293708FBFDF4}.Debug|x86.ActiveCfg = Debug|x86
		{837CB7CD-B8E2-4E70-AB2A-293708FBFDF4}.Debug|x86.Build.0 = Debug|x86
		{837CB7CD-B8E2-4E70-AB2A-293708FBFDF4}.Release|Any CPU.ActiveCfg = Release|Any CPU
		{837CB7CD-B8E2-4E70-AB2A-293708FBFDF4}.Release|Any CPU.Build.0 = Release|Any CPU
		{837CB7CD-B8E2-4E70-AB2A-293708FBFDF4}.Release|Mixed Platforms.ActiveCfg = Release|x86
		{837CB7CD-B8E2-4E70-AB2A-293708FBFDF4}.Release|Mixed Platforms.Build.0 = Release|x86
		{837CB7CD-B8E2-4E70-AB2A-293708FBFDF4}.Release|Win32.ActiveCfg = Release|x86
		{837CB7CD-B8E2-4E70-AB2A-293708FBFDF4}.Release|Win32.Build.0 = Release|x86
		{837CB7CD-B8E2-4E70-AB2A-293708FBFDF4}.Release|x64.ActiveCfg = Release|x64
		{837CB7CD-B8E2-4E70-AB2A-293708FBFDF4}.Release|x64.Build.0 = Release|x64
		{837CB7CD-B8E2-4E70-AB2A-293708FBFDF4}.Release|x86.ActiveCfg = Release|x86
		{837CB7CD-B8E2-4E70-AB2A-293708FBFDF4}.Release|x86.Build.0 = Release|x86
		{C65A5188-6BD9-4F0E-8948-46C2DBC3600F}.Debug|Any CPU.ActiveCfg = Debug|Win32
		{C65A5188-6BD9-4F0E-8948-46C2DBC3600F}.Debug|Mixed Platforms.ActiveCfg = Debug|Win32
		{C65A5188-6BD9-4F0E-8948-46C2DBC3600F}.Debug|Mixed Platforms.Build.0 = Debug|Win32
		{C65A5188-6BD9-4F0E-8948-46C2DBC3600F}.Debug|Win32.ActiveCfg = Debug|Win32
		{C65A5188-6BD9-4F0E-8948-46C2DBC3600F}.Debug|Win32.Build.0 = Debug|Win32
		{C65A5188-6BD9-4F0E-8948-46C2DBC3600F}.Debug|x64.ActiveCfg = Debug|Win32
		{C65A5188-6BD9-4F0E-8948-46C2DBC3600F}.Debug|x64.Build.0 = Debug|Win32
		{C65A5188-6BD9-4F0E-8948-46C2DBC3600F}.Debug|x86.ActiveCfg = Debug|Win32
		{C65A5188-6BD9-4F0E-8948-46C2DBC3600F}.Debug|x86.Build.0 = Debug|Win32
		{C65A5188-6BD9-4F0E-8948-46C2DBC3600F}.Release|Any CPU.ActiveCfg = Release|Win32
		{C65A5188-6BD9-4F0E-8948-46C2DBC3600F}.Release|Mixed Platforms.ActiveCfg = Release|Win32
		{C65A5188-6BD9-4F0E-8948-46C2DBC3600F}.Release|Mixed Platforms.Build.0 = Release|Win32
		{C65A5188-6BD9-4F0E-8948-46C2DBC3600F}.Release|Win32.ActiveCfg = Release|Win32
		{C65A5188-6BD9-4F0E-8948-46C2DBC3600F}.Release|Win32.Build.0 = Release|Win32
		{C65A5188-6BD9-4F0E-8948-46C2DBC3600F}.Release|x64.ActiveCfg = Release|Win32
		{C65A5188-6BD9-4F0E-8948-46C2DBC3600F}.Release|x86.ActiveCfg = Release|Win32
		{C65A5188-6BD9-4F0E-8948-46C2DBC3600F}.Release|x86.Build.0 = Release|Win32
		{5792CBF2-A899-41DA-882C-5CD50602CB98}.Debug|Any CPU.ActiveCfg = Debug|Any CPU
		{5792CBF2-A899-41DA-882C-5CD50602CB98}.Debug|Any CPU.Build.0 = Debug|Any CPU
		{5792CBF2-A899-41DA-882C-5CD50602CB98}.Debug|Mixed Platforms.ActiveCfg = Debug|Any CPU
		{5792CBF2-A899-41DA-882C-5CD50602CB98}.Debug|Mixed Platforms.Build.0 = Debug|Any CPU
		{5792CBF2-A899-41DA-882C-5CD50602CB98}.Debug|Win32.ActiveCfg = Debug|Any CPU
		{5792CBF2-A899-41DA-882C-5CD50602CB98}.Debug|x64.ActiveCfg = Debug|x64
		{5792CBF2-A899-41DA-882C-5CD50602CB98}.Debug|x64.Build.0 = Debug|x64
		{5792CBF2-A899-41DA-882C-5CD50602CB98}.Debug|x86.ActiveCfg = Debug|Any CPU
		{5792CBF2-A899-41DA-882C-5CD50602CB98}.Release|Any CPU.ActiveCfg = Release|Any CPU
		{5792CBF2-A899-41DA-882C-5CD50602CB98}.Release|Any CPU.Build.0 = Release|Any CPU
		{5792CBF2-A899-41DA-882C-5CD50602CB98}.Release|Mixed Platforms.ActiveCfg = Release|Any CPU
		{5792CBF2-A899-41DA-882C-5CD50602CB98}.Release|Mixed Platforms.Build.0 = Release|Any CPU
		{5792CBF2-A899-41DA-882C-5CD50602CB98}.Release|Win32.ActiveCfg = Release|Any CPU
		{5792CBF2-A899-41DA-882C-5CD50602CB98}.Release|x64.ActiveCfg = Release|Any CPU
		{5792CBF2-A899-41DA-882C-5CD50602CB98}.Release|x86.ActiveCfg = Release|Any CPU
	EndGlobalSection
	GlobalSection(SolutionProperties) = preSolution
		HideSolutionNode = FALSE
	EndGlobalSection
EndGlobal
